
Microsoft Visual Studio Solution File, Format Version 12.00
# Visual Studio Version 17
VisualStudioVersion = 17.9.34701.34
MinimumVisualStudioVersion = 10.0.40219.1
Project("{FAE04EC0-301F-11D3-BF4B-00C04F79EFBC}") = "cosmetics", "cosmetics.csproj", "{93CBA443-BCC1-47FE-9C71-5B5A5EECEC06}"
EndProject
Project("{FAE04EC0-301F-11D3-BF4B-00C04F79EFBC}") = "BrushPlugin", "..\BrushPlugin\BrushPlugin.csproj", "{AC321C23-C738-476A-8BC5-9B661BD53251}"
EndProject
Project("{FAE04EC0-301F-11D3-BF4B-00C04F79EFBC}") = "CosmeticsBase", "..\CosmeticsBase\CosmeticsBase.csproj", "{3EFFC362-E28B-4D15-A758-A0CCE25373A8}"
EndProject
Project("{FAE04EC0-301F-11D3-BF4B-00C04F79EFBC}") = "Signature", "..\Signature\Signature.csproj", "{1413CCF1-F4D3-44D4-9B48-E5FFD3F4F435}"
EndProject
Global
	GlobalSection(SolutionConfigurationPlatforms) = preSolution
		Debug|Any CPU = Debug|Any CPU
		Release|Any CPU = Release|Any CPU
	EndGlobalSection
	GlobalSection(ProjectConfigurationPlatforms) = postSolution
		{93CBA443-BCC1-47FE-9C71-5B5A5EECEC06}.Debug|Any CPU.ActiveCfg = Debug|Any CPU
		{93CBA443-BCC1-47FE-9C71-5B5A5EECEC06}.Debug|Any CPU.Build.0 = Debug|Any CPU
		{93CBA443-BCC1-47FE-9C71-5B5A5EECEC06}.Release|Any CPU.ActiveCfg = Release|Any CPU
		{93CBA443-BCC1-47FE-9C71-5B5A5EECEC06}.Release|Any CPU.Build.0 = Release|Any CPU
		{AC321C23-C738-476A-8BC5-9B661BD53251}.Debug|Any CPU.ActiveCfg = Debug|Any CPU
		{AC321C23-C738-476A-8BC5-9B661BD53251}.Debug|Any CPU.Build.0 = Debug|Any CPU
		{AC321C23-C738-476A-8BC5-9B661BD53251}.Release|Any CPU.ActiveCfg = Release|Any CPU
		{AC321C23-C738-476A-8BC5-9B661BD53251}.Release|Any CPU.Build.0 = Release|Any CPU
		{3EFFC362-E28B-4D15-A758-A0CCE25373A8}.Debug|Any CPU.ActiveCfg = Debug|Any CPU
		{3EFFC362-E28B-4D15-A758-A0CCE25373A8}.Debug|Any CPU.Build.0 = Debug|Any CPU
		{3EFFC362-E28B-4D15-A758-A0CCE25373A8}.Release|Any CPU.ActiveCfg = Release|Any CPU
		{3EFFC362-E28B-4D15-A758-A0CCE25373A8}.Release|Any CPU.Build.0 = Release|Any CPU
		{1413CCF1-F4D3-44D4-9B48-E5FFD3F4F435}.Debug|Any CPU.ActiveCfg = Debug|Any CPU
		{1413CCF1-F4D3-44D4-9B48-E5FFD3F4F435}.Debug|Any CPU.Build.0 = Debug|Any CPU
		{1413CCF1-F4D3-44D4-9B48-E5FFD3F4F435}.Release|Any CPU.ActiveCfg = Release|Any CPU
		{1413CCF1-F4D3-44D4-9B48-E5FFD3F4F435}.Release|Any CPU.Build.0 = Release|Any CPU
	EndGlobalSection
	GlobalSection(SolutionProperties) = preSolution
		HideSolutionNode = FALSE
	EndGlobalSection
	GlobalSection(ExtensibilityGlobals) = postSolution
		SolutionGuid = {70C51313-4303-4CAC-B72A-7E9E0715BDBE}
	EndGlobalSection
EndGlobal
